// !$*UTF8*$!
{
	archiveVersion = 1;
	classes = {
	};
	objectVersion = 46;
	objects = {

/* Begin PBXBuildFile section */
		3DC305461C4D2F2100CE37C4 /* main.m in Sources */ = {isa = PBXBuildFile; fileRef = 3DC305451C4D2F2100CE37C4 /* main.m */; };
		3DC305491C4D2F2100CE37C4 /* AppDelegate.m in Sources */ = {isa = PBXBuildFile; fileRef = 3DC305481C4D2F2100CE37C4 /* AppDelegate.m */; };
		3DC3054C1C4D2F2100CE37C4 /* ViewController.m in Sources */ = {isa = PBXBuildFile; fileRef = 3DC3054B1C4D2F2100CE37C4 /* ViewController.m */; };
		3DC3054F1C4D2F2100CE37C4 /* Main.storyboard in Resources */ = {isa = PBXBuildFile; fileRef = 3DC3054D1C4D2F2100CE37C4 /* Main.storyboard */; };
		3DC305511C4D2F2100CE37C4 /* Assets.xcassets in Resources */ = {isa = PBXBuildFile; fileRef = 3DC305501C4D2F2100CE37C4 /* Assets.xcassets */; };
		3DC305541C4D2F2100CE37C4 /* LaunchScreen.storyboard in Resources */ = {isa = PBXBuildFile; fileRef = 3DC305521C4D2F2100CE37C4 /* LaunchScreen.storyboard */; };
		3DC3055F1C4D2F2100CE37C4 /* test_iosTests.m in Sources */ = {isa = PBXBuildFile; fileRef = 3DC3055E1C4D2F2100CE37C4 /* test_iosTests.m */; };
		3DC305761C4D2F6300CE37C4 /* bzip2.7z in Resources */ = {isa = PBXBuildFile; fileRef = 3DC3056A1C4D2F6300CE37C4 /* bzip2.7z */; };
		3DC305771C4D2F6300CE37C4 /* bzip2.7z in Resources */ = {isa = PBXBuildFile; fileRef = 3DC3056A1C4D2F6300CE37C4 /* bzip2.7z */; };
		3DC305781C4D2F6300CE37C4 /* bzip2_aes256.7z in Resources */ = {isa = PBXBuildFile; fileRef = 3DC3056B1C4D2F6300CE37C4 /* bzip2_aes256.7z */; };
		3DC305791C4D2F6300CE37C4 /* bzip2_aes256.7z in Resources */ = {isa = PBXBuildFile; fileRef = 3DC3056B1C4D2F6300CE37C4 /* bzip2_aes256.7z */; };
		3DC3057A1C4D2F6300CE37C4 /* bzip2_aes256_encfn.7z in Resources */ = {isa = PBXBuildFile; fileRef = 3DC3056C1C4D2F6300CE37C4 /* bzip2_aes256_encfn.7z */; };
		3DC3057B1C4D2F6300CE37C4 /* bzip2_aes256_encfn.7z in Resources */ = {isa = PBXBuildFile; fileRef = 3DC3056C1C4D2F6300CE37C4 /* bzip2_aes256_encfn.7z */; };
		3DC3057C1C4D2F6300CE37C4 /* lzma.7z in Resources */ = {isa = PBXBuildFile; fileRef = 3DC3056D1C4D2F6300CE37C4 /* lzma.7z */; };
		3DC3057D1C4D2F6300CE37C4 /* lzma.7z in Resources */ = {isa = PBXBuildFile; fileRef = 3DC3056D1C4D2F6300CE37C4 /* lzma.7z */; };
		3DC3057E1C4D2F6300CE37C4 /* lzma2.7z in Resources */ = {isa = PBXBuildFile; fileRef = 3DC3056E1C4D2F6300CE37C4 /* lzma2.7z */; };
		3DC3057F1C4D2F6300CE37C4 /* lzma2.7z in Resources */ = {isa = PBXBuildFile; fileRef = 3DC3056E1C4D2F6300CE37C4 /* lzma2.7z */; };
		3DC305801C4D2F6300CE37C4 /* lzma2_aes256.7z in Resources */ = {isa = PBXBuildFile; fileRef = 3DC3056F1C4D2F6300CE37C4 /* lzma2_aes256.7z */; };
		3DC305811C4D2F6300CE37C4 /* lzma2_aes256.7z in Resources */ = {isa = PBXBuildFile; fileRef = 3DC3056F1C4D2F6300CE37C4 /* lzma2_aes256.7z */; };
		3DC305821C4D2F6300CE37C4 /* lzma2_aes256_encfn.7z in Resources */ = {isa = PBXBuildFile; fileRef = 3DC305701C4D2F6300CE37C4 /* lzma2_aes256_encfn.7z */; };
		3DC305831C4D2F6300CE37C4 /* lzma2_aes256_encfn.7z in Resources */ = {isa = PBXBuildFile; fileRef = 3DC305701C4D2F6300CE37C4 /* lzma2_aes256_encfn.7z */; };
		3DC305841C4D2F6300CE37C4 /* lzma_aes256.7z in Resources */ = {isa = PBXBuildFile; fileRef = 3DC305711C4D2F6300CE37C4 /* lzma_aes256.7z */; };
		3DC305851C4D2F6300CE37C4 /* lzma_aes256.7z in Resources */ = {isa = PBXBuildFile; fileRef = 3DC305711C4D2F6300CE37C4 /* lzma_aes256.7z */; };
		3DC305861C4D2F6300CE37C4 /* lzma_aes256_encfn.7z in Resources */ = {isa = PBXBuildFile; fileRef = 3DC305721C4D2F6300CE37C4 /* lzma_aes256_encfn.7z */; };
		3DC305871C4D2F6300CE37C4 /* lzma_aes256_encfn.7z in Resources */ = {isa = PBXBuildFile; fileRef = 3DC305721C4D2F6300CE37C4 /* lzma_aes256_encfn.7z */; };
		3DC305881C4D2F6300CE37C4 /* ppmd.7z in Resources */ = {isa = PBXBuildFile; fileRef = 3DC305731C4D2F6300CE37C4 /* ppmd.7z */; };
		3DC305891C4D2F6300CE37C4 /* ppmd.7z in Resources */ = {isa = PBXBuildFile; fileRef = 3DC305731C4D2F6300CE37C4 /* ppmd.7z */; };
		3DC3058A1C4D2F6300CE37C4 /* ppmd_aes256.7z in Resources */ = {isa = PBXBuildFile; fileRef = 3DC305741C4D2F6300CE37C4 /* ppmd_aes256.7z */; };
		3DC3058B1C4D2F6300CE37C4 /* ppmd_aes256.7z in Resources */ = {isa = PBXBuildFile; fileRef = 3DC305741C4D2F6300CE37C4 /* ppmd_aes256.7z */; };
		3DC3058C1C4D2F6300CE37C4 /* ppmd_aes256_encfn.7z in Resources */ = {isa = PBXBuildFile; fileRef = 3DC305751C4D2F6300CE37C4 /* ppmd_aes256_encfn.7z */; };
		3DC3058D1C4D2F6300CE37C4 /* ppmd_aes256_encfn.7z in Resources */ = {isa = PBXBuildFile; fileRef = 3DC305751C4D2F6300CE37C4 /* ppmd_aes256_encfn.7z */; };
		3DC305AA1C4D2FF200CE37C4 /* LzmaSDKObjC.framework in Frameworks */ = {isa = PBXBuildFile; fileRef = 3DC305A21C4D2FC900CE37C4 /* LzmaSDKObjC.framework */; };
		3DC305AB1C4D2FF200CE37C4 /* LzmaSDKObjC.framework in Embed Frameworks */ = {isa = PBXBuildFile; fileRef = 3DC305A21C4D2FC900CE37C4 /* LzmaSDKObjC.framework */; settings = {ATTRIBUTES = (CodeSignOnCopy, RemoveHeadersOnCopy, ); }; };
/* End PBXBuildFile section */

/* Begin PBXContainerItemProxy section */
		3DC3055B1C4D2F2100CE37C4 /* PBXContainerItemProxy */ = {
			isa = PBXContainerItemProxy;
			containerPortal = 3DC305391C4D2F2000CE37C4 /* Project object */;
			proxyType = 1;
			remoteGlobalIDString = 3DC305401C4D2F2100CE37C4;
			remoteInfo = test_ios;
		};
		3DC305A11C4D2FC900CE37C4 /* PBXContainerItemProxy */ = {
			isa = PBXContainerItemProxy;
			containerPortal = 3DC3059A1C4D2FC900CE37C4 /* Pods.xcodeproj */;
			proxyType = 2;
			remoteGlobalIDString = 4A83386BB00999FCC32428199EE73BE4;
			remoteInfo = LzmaSDKObjC;
		};
		3DC305A31C4D2FC900CE37C4 /* PBXContainerItemProxy */ = {
			isa = PBXContainerItemProxy;
			containerPortal = 3DC3059A1C4D2FC900CE37C4 /* Pods.xcodeproj */;
			proxyType = 2;
			remoteGlobalIDString = 23A50E8E602E7DF06B717D1A7770FF28;
			remoteInfo = "LzmaSDKObjC-LzmaSDKObjC";
		};
		3DC305A51C4D2FC900CE37C4 /* PBXContainerItemProxy */ = {
			isa = PBXContainerItemProxy;
			containerPortal = 3DC3059A1C4D2FC900CE37C4 /* Pods.xcodeproj */;
			proxyType = 2;
			remoteGlobalIDString = C29F9EA046E03E36ED31BFFA2D892F23;
			remoteInfo = "Pods-LzmaSDKObjC_Example";
		};
		3DC305A71C4D2FC900CE37C4 /* PBXContainerItemProxy */ = {
			isa = PBXContainerItemProxy;
			containerPortal = 3DC3059A1C4D2FC900CE37C4 /* Pods.xcodeproj */;
			proxyType = 2;
			remoteGlobalIDString = C84A8F6F034052A546AE15F9CAA69662;
			remoteInfo = "Pods-LzmaSDKObjC_Tests";
		};
		3DC305AC1C4D2FF200CE37C4 /* PBXContainerItemProxy */ = {
			isa = PBXContainerItemProxy;
			containerPortal = 3DC3059A1C4D2FC900CE37C4 /* Pods.xcodeproj */;
			proxyType = 1;
			remoteGlobalIDString = EDC206C19D4032BF1A9A4C5CCA49E395;
			remoteInfo = LzmaSDKObjC;
		};
/* End PBXContainerItemProxy section */

/* Begin PBXCopyFilesBuildPhase section */
		3DC305AE1C4D2FF200CE37C4 /* Embed Frameworks */ = {
			isa = PBXCopyFilesBuildPhase;
			buildActionMask = 2147483647;
			dstPath = "";
			dstSubfolderSpec = 10;
			files = (
				3DC305AB1C4D2FF200CE37C4 /* LzmaSDKObjC.framework in Embed Frameworks */,
			);
			name = "Embed Frameworks";
			runOnlyForDeploymentPostprocessing = 0;
		};
/* End PBXCopyFilesBuildPhase section */

/* Begin PBXFileReference section */
		3DC305411C4D2F2100CE37C4 /* test_ios.app */ = {isa = PBXFileReference; explicitFileType = wrapper.application; includeInIndex = 0; path = test_ios.app; sourceTree = BUILT_PRODUCTS_DIR; };
		3DC305451C4D2F2100CE37C4 /* main.m */ = {isa = PBXFileReference; lastKnownFileType = sourcecode.c.objc; path = main.m; sourceTree = "<group>"; };
		3DC305471C4D2F2100CE37C4 /* AppDelegate.h */ = {isa = PBXFileReference; lastKnownFileType = sourcecode.c.h; path = AppDelegate.h; sourceTree = "<group>"; };
		3DC305481C4D2F2100CE37C4 /* AppDelegate.m */ = {isa = PBXFileReference; lastKnownFileType = sourcecode.c.objc; path = AppDelegate.m; sourceTree = "<group>"; };
		3DC3054A1C4D2F2100CE37C4 /* ViewController.h */ = {isa = PBXFileReference; lastKnownFileType = sourcecode.c.h; path = ViewController.h; sourceTree = "<group>"; };
		3DC3054B1C4D2F2100CE37C4 /* ViewController.m */ = {isa = PBXFileReference; lastKnownFileType = sourcecode.c.objc; path = ViewController.m; sourceTree = "<group>"; };
		3DC3054E1C4D2F2100CE37C4 /* Base */ = {isa = PBXFileReference; lastKnownFileType = file.storyboard; name = Base; path = Base.lproj/Main.storyboard; sourceTree = "<group>"; };
		3DC305501C4D2F2100CE37C4 /* Assets.xcassets */ = {isa = PBXFileReference; lastKnownFileType = folder.assetcatalog; path = Assets.xcassets; sourceTree = "<group>"; };
		3DC305531C4D2F2100CE37C4 /* Base */ = {isa = PBXFileReference; lastKnownFileType = file.storyboard; name = Base; path = Base.lproj/LaunchScreen.storyboard; sourceTree = "<group>"; };
		3DC305551C4D2F2100CE37C4 /* Info.plist */ = {isa = PBXFileReference; lastKnownFileType = text.plist.xml; path = Info.plist; sourceTree = "<group>"; };
		3DC3055A1C4D2F2100CE37C4 /* test_iosTests.xctest */ = {isa = PBXFileReference; explicitFileType = wrapper.cfbundle; includeInIndex = 0; path = test_iosTests.xctest; sourceTree = BUILT_PRODUCTS_DIR; };
		3DC3055E1C4D2F2100CE37C4 /* test_iosTests.m */ = {isa = PBXFileReference; lastKnownFileType = sourcecode.c.objc; path = test_iosTests.m; sourceTree = "<group>"; };
		3DC305601C4D2F2100CE37C4 /* Info.plist */ = {isa = PBXFileReference; lastKnownFileType = text.plist.xml; path = Info.plist; sourceTree = "<group>"; };
		3DC3056A1C4D2F6300CE37C4 /* bzip2.7z */ = {isa = PBXFileReference; lastKnownFileType = file; name = bzip2.7z; path = files/bzip2.7z; sourceTree = "<group>"; };
		3DC3056B1C4D2F6300CE37C4 /* bzip2_aes256.7z */ = {isa = PBXFileReference; lastKnownFileType = file; name = bzip2_aes256.7z; path = files/bzip2_aes256.7z; sourceTree = "<group>"; };
		3DC3056C1C4D2F6300CE37C4 /* bzip2_aes256_encfn.7z */ = {isa = PBXFileReference; lastKnownFileType = file; name = bzip2_aes256_encfn.7z; path = files/bzip2_aes256_encfn.7z; sourceTree = "<group>"; };
		3DC3056D1C4D2F6300CE37C4 /* lzma.7z */ = {isa = PBXFileReference; lastKnownFileType = file; name = lzma.7z; path = files/lzma.7z; sourceTree = "<group>"; };
		3DC3056E1C4D2F6300CE37C4 /* lzma2.7z */ = {isa = PBXFileReference; lastKnownFileType = file; name = lzma2.7z; path = files/lzma2.7z; sourceTree = "<group>"; };
		3DC3056F1C4D2F6300CE37C4 /* lzma2_aes256.7z */ = {isa = PBXFileReference; lastKnownFileType = file; name = lzma2_aes256.7z; path = files/lzma2_aes256.7z; sourceTree = "<group>"; };
		3DC305701C4D2F6300CE37C4 /* lzma2_aes256_encfn.7z */ = {isa = PBXFileReference; lastKnownFileType = file; name = lzma2_aes256_encfn.7z; path = files/lzma2_aes256_encfn.7z; sourceTree = "<group>"; };
		3DC305711C4D2F6300CE37C4 /* lzma_aes256.7z */ = {isa = PBXFileReference; lastKnownFileType = file; name = lzma_aes256.7z; path = files/lzma_aes256.7z; sourceTree = "<group>"; };
		3DC305721C4D2F6300CE37C4 /* lzma_aes256_encfn.7z */ = {isa = PBXFileReference; lastKnownFileType = file; name = lzma_aes256_encfn.7z; path = files/lzma_aes256_encfn.7z; sourceTree = "<group>"; };
		3DC305731C4D2F6300CE37C4 /* ppmd.7z */ = {isa = PBXFileReference; lastKnownFileType = file; name = ppmd.7z; path = files/ppmd.7z; sourceTree = "<group>"; };
		3DC305741C4D2F6300CE37C4 /* ppmd_aes256.7z */ = {isa = PBXFileReference; lastKnownFileType = file; name = ppmd_aes256.7z; path = files/ppmd_aes256.7z; sourceTree = "<group>"; };
		3DC305751C4D2F6300CE37C4 /* ppmd_aes256_encfn.7z */ = {isa = PBXFileReference; lastKnownFileType = file; name = ppmd_aes256_encfn.7z; path = files/ppmd_aes256_encfn.7z; sourceTree = "<group>"; };
		3DC3059A1C4D2FC900CE37C4 /* Pods.xcodeproj */ = {isa = PBXFileReference; lastKnownFileType = "wrapper.pb-project"; name = Pods.xcodeproj; path = ../Example/Pods/Pods.xcodeproj; sourceTree = "<group>"; };
/* End PBXFileReference section */

/* Begin PBXFrameworksBuildPhase section */
		3DC3053E1C4D2F2100CE37C4 /* Frameworks */ = {
			isa = PBXFrameworksBuildPhase;
			buildActionMask = 2147483647;
			files = (
				3DC305AA1C4D2FF200CE37C4 /* LzmaSDKObjC.framework in Frameworks */,
			);
			runOnlyForDeploymentPostprocessing = 0;
		};
		3DC305571C4D2F2100CE37C4 /* Frameworks */ = {
			isa = PBXFrameworksBuildPhase;
			buildActionMask = 2147483647;
			files = (
			);
			runOnlyForDeploymentPostprocessing = 0;
		};
/* End PBXFrameworksBuildPhase section */

/* Begin PBXGroup section */
		3DC305381C4D2F2000CE37C4 = {
			isa = PBXGroup;
			children = (
				3DC3059A1C4D2FC900CE37C4 /* Pods.xcodeproj */,
				3DC305691C4D2F5700CE37C4 /* files */,
				3DC305431C4D2F2100CE37C4 /* test_ios */,
				3DC3055D1C4D2F2100CE37C4 /* test_iosTests */,
				3DC305421C4D2F2100CE37C4 /* Products */,
			);
			sourceTree = "<group>";
		};
		3DC305421C4D2F2100CE37C4 /* Products */ = {
			isa = PBXGroup;
			children = (
				3DC305411C4D2F2100CE37C4 /* test_ios.app */,
				3DC3055A1C4D2F2100CE37C4 /* test_iosTests.xctest */,
			);
			name = Products;
			sourceTree = "<group>";
		};
		3DC305431C4D2F2100CE37C4 /* test_ios */ = {
			isa = PBXGroup;
			children = (
				3DC305471C4D2F2100CE37C4 /* AppDelegate.h */,
				3DC305481C4D2F2100CE37C4 /* AppDelegate.m */,
				3DC3054A1C4D2F2100CE37C4 /* ViewController.h */,
				3DC3054B1C4D2F2100CE37C4 /* ViewController.m */,
				3DC3054D1C4D2F2100CE37C4 /* Main.storyboard */,
				3DC305501C4D2F2100CE37C4 /* Assets.xcassets */,
				3DC305521C4D2F2100CE37C4 /* LaunchScreen.storyboard */,
				3DC305551C4D2F2100CE37C4 /* Info.plist */,
				3DC305441C4D2F2100CE37C4 /* Supporting Files */,
			);
			path = test_ios;
			sourceTree = "<group>";
		};
		3DC305441C4D2F2100CE37C4 /* Supporting Files */ = {
			isa = PBXGroup;
			children = (
				3DC305451C4D2F2100CE37C4 /* main.m */,
			);
			name = "Supporting Files";
			sourceTree = "<group>";
		};
		3DC3055D1C4D2F2100CE37C4 /* test_iosTests */ = {
			isa = PBXGroup;
			children = (
				3DC3055E1C4D2F2100CE37C4 /* test_iosTests.m */,
				3DC305601C4D2F2100CE37C4 /* Info.plist */,
			);
			path = test_iosTests;
			sourceTree = "<group>";
		};
		3DC305691C4D2F5700CE37C4 /* files */ = {
			isa = PBXGroup;
			children = (
				3DC3056A1C4D2F6300CE37C4 /* bzip2.7z */,
				3DC3056B1C4D2F6300CE37C4 /* bzip2_aes256.7z */,
				3DC3056C1C4D2F6300CE37C4 /* bzip2_aes256_encfn.7z */,
				3DC3056D1C4D2F6300CE37C4 /* lzma.7z */,
				3DC3056E1C4D2F6300CE37C4 /* lzma2.7z */,
				3DC3056F1C4D2F6300CE37C4 /* lzma2_aes256.7z */,
				3DC305701C4D2F6300CE37C4 /* lzma2_aes256_encfn.7z */,
				3DC305711C4D2F6300CE37C4 /* lzma_aes256.7z */,
				3DC305721C4D2F6300CE37C4 /* lzma_aes256_encfn.7z */,
				3DC305731C4D2F6300CE37C4 /* ppmd.7z */,
				3DC305741C4D2F6300CE37C4 /* ppmd_aes256.7z */,
				3DC305751C4D2F6300CE37C4 /* ppmd_aes256_encfn.7z */,
			);
			name = files;
			sourceTree = "<group>";
		};
		3DC3059B1C4D2FC900CE37C4 /* Products */ = {
			isa = PBXGroup;
			children = (
				3DC305A21C4D2FC900CE37C4 /* LzmaSDKObjC.framework */,
				3DC305A41C4D2FC900CE37C4 /* LzmaSDKObjC.bundle */,
				3DC305A61C4D2FC900CE37C4 /* Pods_LzmaSDKObjC_Example.framework */,
				3DC305A81C4D2FC900CE37C4 /* Pods_LzmaSDKObjC_Tests.framework */,
			);
			name = Products;
			sourceTree = "<group>";
		};
/* End PBXGroup section */

/* Begin PBXNativeTarget section */
		3DC305401C4D2F2100CE37C4 /* test_ios */ = {
			isa = PBXNativeTarget;
			buildConfigurationList = 3DC305631C4D2F2100CE37C4 /* Build configuration list for PBXNativeTarget "test_ios" */;
			buildPhases = (
				3DC3053D1C4D2F2100CE37C4 /* Sources */,
				3DC3053E1C4D2F2100CE37C4 /* Frameworks */,
				3DC3053F1C4D2F2100CE37C4 /* Resources */,
				3DC305AE1C4D2FF200CE37C4 /* Embed Frameworks */,
			);
			buildRules = (
			);
			dependencies = (
				3DC305AD1C4D2FF200CE37C4 /* PBXTargetDependency */,
			);
			name = test_ios;
			productName = test_ios;
			productReference = 3DC305411C4D2F2100CE37C4 /* test_ios.app */;
			productType = "com.apple.product-type.application";
		};
		3DC305591C4D2F2100CE37C4 /* test_iosTests */ = {
			isa = PBXNativeTarget;
			buildConfigurationList = 3DC305661C4D2F2100CE37C4 /* Build configuration list for PBXNativeTarget "test_iosTests" */;
			buildPhases = (
				3DC305561C4D2F2100CE37C4 /* Sources */,
				3DC305571C4D2F2100CE37C4 /* Frameworks */,
				3DC305581C4D2F2100CE37C4 /* Resources */,
			);
			buildRules = (
			);
			dependencies = (
				3DC3055C1C4D2F2100CE37C4 /* PBXTargetDependency */,
			);
			name = test_iosTests;
			productName = test_iosTests;
			productReference = 3DC3055A1C4D2F2100CE37C4 /* test_iosTests.xctest */;
			productType = "com.apple.product-type.bundle.unit-test";
		};
/* End PBXNativeTarget section */

/* Begin PBXProject section */
		3DC305391C4D2F2000CE37C4 /* Project object */ = {
			isa = PBXProject;
			attributes = {
				LastUpgradeCheck = 0720;
				ORGANIZATIONNAME = none;
				TargetAttributes = {
					3DC305401C4D2F2100CE37C4 = {
						CreatedOnToolsVersion = 7.2;
					};
					3DC305591C4D2F2100CE37C4 = {
						CreatedOnToolsVersion = 7.2;
						TestTargetID = 3DC305401C4D2F2100CE37C4;
					};
				};
			};
			buildConfigurationList = 3DC3053C1C4D2F2000CE37C4 /* Build configuration list for PBXProject "test_ios" */;
			compatibilityVersion = "Xcode 3.2";
			developmentRegion = English;
			hasScannedForEncodings = 0;
			knownRegions = (
				en,
				Base,
			);
			mainGroup = 3DC305381C4D2F2000CE37C4;
			productRefGroup = 3DC305421C4D2F2100CE37C4 /* Products */;
			projectDirPath = "";
			projectReferences = (
				{
					ProductGroup = 3DC3059B1C4D2FC900CE37C4 /* Products */;
					ProjectRef = 3DC3059A1C4D2FC900CE37C4 /* Pods.xcodeproj */;
				},
			);
			projectRoot = "";
			targets = (
				3DC305401C4D2F2100CE37C4 /* test_ios */,
				3DC305591C4D2F2100CE37C4 /* test_iosTests */,
			);
		};
/* End PBXProject section */

/* Begin PBXReferenceProxy section */
		3DC305A21C4D2FC900CE37C4 /* LzmaSDKObjC.framework */ = {
			isa = PBXReferenceProxy;
			fileType = wrapper.framework;
			path = LzmaSDKObjC.framework;
			remoteRef = 3DC305A11C4D2FC900CE37C4 /* PBXContainerItemProxy */;
			sourceTree = BUILT_PRODUCTS_DIR;
		};
		3DC305A41C4D2FC900CE37C4 /* LzmaSDKObjC.bundle */ = {
			isa = PBXReferenceProxy;
			fileType = wrapper.cfbundle;
			path = LzmaSDKObjC.bundle;
			remoteRef = 3DC305A31C4D2FC900CE37C4 /* PBXContainerItemProxy */;
			sourceTree = BUILT_PRODUCTS_DIR;
		};
		3DC305A61C4D2FC900CE37C4 /* Pods_LzmaSDKObjC_Example.framework */ = {
			isa = PBXReferenceProxy;
			fileType = wrapper.framework;
			path = Pods_LzmaSDKObjC_Example.framework;
			remoteRef = 3DC305A51C4D2FC900CE37C4 /* PBXContainerItemProxy */;
			sourceTree = BUILT_PRODUCTS_DIR;
		};
		3DC305A81C4D2FC900CE37C4 /* Pods_LzmaSDKObjC_Tests.framework */ = {
			isa = PBXReferenceProxy;
			fileType = wrapper.framework;
			path = Pods_LzmaSDKObjC_Tests.framework;
			remoteRef = 3DC305A71C4D2FC900CE37C4 /* PBXContainerItemProxy */;
			sourceTree = BUILT_PRODUCTS_DIR;
		};
/* End PBXReferenceProxy section */

/* Begin PBXResourcesBuildPhase section */
		3DC3053F1C4D2F2100CE37C4 /* Resources */ = {
			isa = PBXResourcesBuildPhase;
			buildActionMask = 2147483647;
			files = (
				3DC3057C1C4D2F6300CE37C4 /* lzma.7z in Resources */,
				3DC305841C4D2F6300CE37C4 /* lzma_aes256.7z in Resources */,
				3DC305801C4D2F6300CE37C4 /* lzma2_aes256.7z in Resources */,
				3DC305541C4D2F2100CE37C4 /* LaunchScreen.storyboard in Resources */,
				3DC3058C1C4D2F6300CE37C4 /* ppmd_aes256_encfn.7z in Resources */,
				3DC305511C4D2F2100CE37C4 /* Assets.xcassets in Resources */,
				3DC305781C4D2F6300CE37C4 /* bzip2_aes256.7z in Resources */,
				3DC3057A1C4D2F6300CE37C4 /* bzip2_aes256_encfn.7z in Resources */,
				3DC3058A1C4D2F6300CE37C4 /* ppmd_aes256.7z in Resources */,
				3DC3057E1C4D2F6300CE37C4 /* lzma2.7z in Resources */,
				3DC305761C4D2F6300CE37C4 /* bzip2.7z in Resources */,
				3DC305881C4D2F6300CE37C4 /* ppmd.7z in Resources */,
				3DC305861C4D2F6300CE37C4 /* lzma_aes256_encfn.7z in Resources */,
				3DC305821C4D2F6300CE37C4 /* lzma2_aes256_encfn.7z in Resources */,
				3DC3054F1C4D2F2100CE37C4 /* Main.storyboard in Resources */,
			);
			runOnlyForDeploymentPostprocessing = 0;
		};
		3DC305581C4D2F2100CE37C4 /* Resources */ = {
			isa = PBXResourcesBuildPhase;
			buildActionMask = 2147483647;
			files = (
				3DC3058B1C4D2F6300CE37C4 /* ppmd_aes256.7z in Resources */,
				3DC3057F1C4D2F6300CE37C4 /* lzma2.7z in Resources */,
				3DC305831C4D2F6300CE37C4 /* lzma2_aes256_encfn.7z in Resources */,
				3DC305811C4D2F6300CE37C4 /* lzma2_aes256.7z in Resources */,
				3DC305891C4D2F6300CE37C4 /* ppmd.7z in Resources */,
				3DC305871C4D2F6300CE37C4 /* lzma_aes256_encfn.7z in Resources */,
				3DC3057B1C4D2F6300CE37C4 /* bzip2_aes256_encfn.7z in Resources */,
				3DC305791C4D2F6300CE37C4 /* bzip2_aes256.7z in Resources */,
				3DC3057D1C4D2F6300CE37C4 /* lzma.7z in Resources */,
				3DC305851C4D2F6300CE37C4 /* lzma_aes256.7z in Resources */,
				3DC3058D1C4D2F6300CE37C4 /* ppmd_aes256_encfn.7z in Resources */,
				3DC305771C4D2F6300CE37C4 /* bzip2.7z in Resources */,
			);
			runOnlyForDeploymentPostprocessing = 0;
		};
/* End PBXResourcesBuildPhase section */

/* Begin PBXSourcesBuildPhase section */
		3DC3053D1C4D2F2100CE37C4 /* Sources */ = {
			isa = PBXSourcesBuildPhase;
			buildActionMask = 2147483647;
			files = (
				3DC3054C1C4D2F2100CE37C4 /* ViewController.m in Sources */,
				3DC305491C4D2F2100CE37C4 /* AppDelegate.m in Sources */,
				3DC305461C4D2F2100CE37C4 /* main.m in Sources */,
			);
			runOnlyForDeploymentPostprocessing = 0;
		};
		3DC305561C4D2F2100CE37C4 /* Sources */ = {
			isa = PBXSourcesBuildPhase;
			buildActionMask = 2147483647;
			files = (
				3DC3055F1C4D2F2100CE37C4 /* test_iosTests.m in Sources */,
			);
			runOnlyForDeploymentPostprocessing = 0;
		};
/* End PBXSourcesBuildPhase section */

/* Begin PBXTargetDependency section */
		3DC3055C1C4D2F2100CE37C4 /* PBXTargetDependency */ = {
			isa = PBXTargetDependency;
			target = 3DC305401C4D2F2100CE37C4 /* test_ios */;
			targetProxy = 3DC3055B1C4D2F2100CE37C4 /* PBXContainerItemProxy */;
		};
		3DC305AD1C4D2FF200CE37C4 /* PBXTargetDependency */ = {
			isa = PBXTargetDependency;
			name = LzmaSDKObjC;
			targetProxy = 3DC305AC1C4D2FF200CE37C4 /* PBXContainerItemProxy */;
		};
/* End PBXTargetDependency section */

/* Begin PBXVariantGroup section */
		3DC3054D1C4D2F2100CE37C4 /* Main.storyboard */ = {
			isa = PBXVariantGroup;
			children = (
				3DC3054E1C4D2F2100CE37C4 /* Base */,
			);
			name = Main.storyboard;
			sourceTree = "<group>";
		};
		3DC305521C4D2F2100CE37C4 /* LaunchScreen.storyboard */ = {
			isa = PBXVariantGroup;
			children = (
				3DC305531C4D2F2100CE37C4 /* Base */,
			);
			name = LaunchScreen.storyboard;
			sourceTree = "<group>";
		};
/* End PBXVariantGroup section */

/* Begin XCBuildConfiguration section */
		3DC305611C4D2F2100CE37C4 /* Debug */ = {
			isa = XCBuildConfiguration;
			buildSettings = {
				ALWAYS_SEARCH_USER_PATHS = NO;
				CLANG_CXX_LANGUAGE_STANDARD = "gnu++0x";
				CLANG_CXX_LIBRARY = "libc++";
				CLANG_ENABLE_MODULES = YES;
				CLANG_ENABLE_OBJC_ARC = YES;
				CLANG_WARN_BOOL_CONVERSION = YES;
				CLANG_WARN_CONSTANT_CONVERSION = YES;
				CLANG_WARN_DIRECT_OBJC_ISA_USAGE = YES_ERROR;
				CLANG_WARN_EMPTY_BODY = YES;
				CLANG_WARN_ENUM_CONVERSION = YES;
				CLANG_WARN_INT_CONVERSION = YES;
				CLANG_WARN_OBJC_ROOT_CLASS = YES_ERROR;
				CLANG_WARN_UNREACHABLE_CODE = YES;
				CLANG_WARN__DUPLICATE_METHOD_MATCH = YES;
				"CODE_SIGN_IDENTITY[sdk=iphoneos*]" = "iPhone Developer";
				COPY_PHASE_STRIP = NO;
				DEBUG_INFORMATION_FORMAT = dwarf;
				ENABLE_STRICT_OBJC_MSGSEND = YES;
				ENABLE_TESTABILITY = YES;
				GCC_C_LANGUAGE_STANDARD = gnu99;
				GCC_DYNAMIC_NO_PIC = NO;
				GCC_NO_COMMON_BLOCKS = YES;
				GCC_OPTIMIZATION_LEVEL = 0;
				GCC_PREPROCESSOR_DEFINITIONS = (
					"DEBUG=1",
					"$(inherited)",
				);
				GCC_WARN_64_TO_32_BIT_CONVERSION = YES;
				GCC_WARN_ABOUT_RETURN_TYPE = YES_ERROR;
				GCC_WARN_UNDECLARED_SELECTOR = YES;
				GCC_WARN_UNINITIALIZED_AUTOS = YES_AGGRESSIVE;
				GCC_WARN_UNUSED_FUNCTION = YES;
				GCC_WARN_UNUSED_VARIABLE = YES;
				IPHONEOS_DEPLOYMENT_TARGET = 9.2;
				MTL_ENABLE_DEBUG_INFO = YES;
				ONLY_ACTIVE_ARCH = YES;
				SDKROOT = iphoneos;
			};
			name = Debug;
		};
		3DC305621C4D2F2100CE37C4 /* Release */ = {
			isa = XCBuildConfiguration;
			buildSettings = {
				ALWAYS_SEARCH_USER_PATHS = NO;
				CLANG_CXX_LANGUAGE_STANDARD = "gnu++0x";
				CLANG_CXX_LIBRARY = "libc++";
				CLANG_ENABLE_MODULES = YES;
				CLANG_ENABLE_OBJC_ARC = YES;
				CLANG_WARN_BOOL_CONVERSION = YES;
				CLANG_WARN_CONSTANT_CONVERSION = YES;
				CLANG_WARN_DIRECT_OBJC_ISA_USAGE = YES_ERROR;
				CLANG_WARN_EMPTY_BODY = YES;
				CLANG_WARN_ENUM_CONVERSION = YES;
				CLANG_WARN_INT_CONVERSION = YES;
				CLANG_WARN_OBJC_ROOT_CLASS = YES_ERROR;
				CLANG_WARN_UNREACHABLE_CODE = YES;
				CLANG_WARN__DUPLICATE_METHOD_MATCH = YES;
				"CODE_SIGN_IDENTITY[sdk=iphoneos*]" = "iPhone Developer";
				COPY_PHASE_STRIP = NO;
				DEBUG_INFORMATION_FORMAT = "dwarf-with-dsym";
				ENABLE_NS_ASSERTIONS = NO;
				ENABLE_STRICT_OBJC_MSGSEND = YES;
				GCC_C_LANGUAGE_STANDARD = gnu99;
				GCC_NO_COMMON_BLOCKS = YES;
				GCC_WARN_64_TO_32_BIT_CONVERSION = YES;
				GCC_WARN_ABOUT_RETURN_TYPE = YES_ERROR;
				GCC_WARN_UNDECLARED_SELECTOR = YES;
				GCC_WARN_UNINITIALIZED_AUTOS = YES_AGGRESSIVE;
				GCC_WARN_UNUSED_FUNCTION = YES;
				GCC_WARN_UNUSED_VARIABLE = YES;
				IPHONEOS_DEPLOYMENT_TARGET = 9.2;
				MTL_ENABLE_DEBUG_INFO = NO;
				SDKROOT = iphoneos;
				VALIDATE_PRODUCT = YES;
			};
			name = Release;
		};
		3DC305641C4D2F2100CE37C4 /* Debug */ = {
			isa = XCBuildConfiguration;
			buildSettings = {
				ASSETCATALOG_COMPILER_APPICON_NAME = AppIcon;
				ENABLE_BITCODE = NO;
				INFOPLIST_FILE = test_ios/Info.plist;
				LD_RUNPATH_SEARCH_PATHS = "$(inherited) @executable_path/Frameworks";
				PRODUCT_BUNDLE_IDENTIFIER = "re.test-ios";
				PRODUCT_NAME = "$(TARGET_NAME)";
			};
			name = Debug;
		};
		3DC305651C4D2F2100CE37C4 /* Release */ = {
			isa = XCBuildConfiguration;
			buildSettings = {
				ASSETCATALOG_COMPILER_APPICON_NAME = AppIcon;
				ENABLE_BITCODE = NO;
				INFOPLIST_FILE = test_ios/Info.plist;
				LD_RUNPATH_SEARCH_PATHS = "$(inherited) @executable_path/Frameworks";
				PRODUCT_BUNDLE_IDENTIFIER = "re.test-ios";
				PRODUCT_NAME = "$(TARGET_NAME)";
			};
			name = Release;
		};
		3DC305671C4D2F2100CE37C4 /* Debug */ = {
			isa = XCBuildConfiguration;
			buildSettings = {
				BUNDLE_LOADER = "$(TEST_HOST)";
				INFOPLIST_FILE = test_iosTests/Info.plist;
				LD_RUNPATH_SEARCH_PATHS = "$(inherited) @executable_path/Frameworks @loader_path/Frameworks";
				PRODUCT_BUNDLE_IDENTIFIER = "re.test-iosTests";
				PRODUCT_NAME = "$(TARGET_NAME)";
				TEST_HOST = "$(BUILT_PRODUCTS_DIR)/test_ios.app/test_ios";
			};
			name = Debug;
		};
		3DC305681C4D2F2100CE37C4 /* Release */ = {
			isa = XCBuildConfiguration;
			buildSettings = {
				BUNDLE_LOADER = "$(TEST_HOST)";
				INFOPLIST_FILE = test_iosTests/Info.plist;
				LD_RUNPATH_SEARCH_PATHS = "$(inherited) @executable_path/Frameworks @loader_path/Frameworks";
				PRODUCT_BUNDLE_IDENTIFIER = "re.test-iosTests";
				PRODUCT_NAME = "$(TARGET_NAME)";
				TEST_HOST = "$(BUILT_PRODUCTS_DIR)/test_ios.app/test_ios";
			};
			name = Release;
		};
/* End XCBuildConfiguration section */

/* Begin XCConfigurationList section */
		3DC3053C1C4D2F2000CE37C4 /* Build configuration list for PBXProject "test_ios" */ = {
			isa = XCConfigurationList;
			buildConfigurations = (
				3DC305611C4D2F2100CE37C4 /* Debug */,
				3DC305621C4D2F2100CE37C4 /* Release */,
			);
			defaultConfigurationIsVisible = 0;
			defaultConfigurationName = Release;
		};
		3DC305631C4D2F2100CE37C4 /* Build configuration list for PBXNativeTarget "test_ios" */ = {
			isa = XCConfigurationList;
			buildConfigurations = (
				3DC305641C4D2F2100CE37C4 /* Debug */,
				3DC305651C4D2F2100CE37C4 /* Release */,
			);
			defaultConfigurationIsVisible = 0;
			defaultConfigurationName = Release;
		};
		3DC305661C4D2F2100CE37C4 /* Build configuration list for PBXNativeTarget "test_iosTests" */ = {
			isa = XCConfigurationList;
			buildConfigurations = (
				3DC305671C4D2F2100CE37C4 /* Debug */,
				3DC305681C4D2F2100CE37C4 /* Release */,
			);
			defaultConfigurationIsVisible = 0;
			defaultConfigurationName = Release;
		};
/* End XCConfigurationList section */
	};
	rootObject = 3DC305391C4D2F2000CE37C4 /* Project object */;
}
